
Microsoft Visual Studio Solution File, Format Version 12.00
# Visual Studio Version 16
VisualStudioVersion = 16.0.32228.343
MinimumVisualStudioVersion = 10.0.40219.1
Project("{FAE04EC0-301F-11D3-BF4B-00C04F79EFBC}") = "UsbCameraForms", "UsbCameraForms\UsbCameraForms.csproj", "{955A7B9F-8D8F-4095-A65D-9FA341FA9A96}"
EndProject
Project("{FAE04EC0-301F-11D3-BF4B-00C04F79EFBC}") = "UsbCameraWpf", "UsbCameraWpf\UsbCameraWpf.csproj", "{1FF8AEC1-6727-4659-9273-435C1B0FD872}"
EndProject
Project("{FAE04EC0-301F-11D3-BF4B-00C04F79EFBC}") = "UsbCameraByteArray", "UsbCameraByteArray\UsbCameraByteArray.csproj", "{B0F887EF-0F54-4176-9E3C-2BCB4B3C8667}"
EndProject
Global
	GlobalSection(SolutionConfigurationPlatforms) = preSolution
		Debug|Any CPU = Debug|Any CPU
		Release|Any CPU = Release|Any CPU
	EndGlobalSection
	GlobalSection(ProjectConfigurationPlatforms) = postSolution
		{955A7B9F-8D8F-4095-A65D-9FA341FA9A96}.Debug|Any CPU.ActiveCfg = Debug|Any CPU
		{955A7B9F-8D8F-4095-A65D-9FA341FA9A96}.Debug|Any CPU.Build.0 = Debug|Any CPU
		{955A7B9F-8D8F-4095-A65D-9FA341FA9A96}.Release|Any CPU.ActiveCfg = Release|Any CPU
		{955A7B9F-8D8F-4095-A65D-9FA341FA9A96}.Release|Any CPU.Build.0 = Release|Any CPU
		{1FF8AEC1-6727-4659-9273-435C1B0FD872}.Debug|Any CPU.ActiveCfg = Debug|Any CPU
		{1FF8AEC1-6727-4659-9273-435C1B0FD872}.Debug|Any CPU.Build.0 = Debug|Any CPU
		{1FF8AEC1-6727-4659-9273-435C1B0FD872}.Release|Any CPU.ActiveCfg = Release|Any CPU
		{1FF8AEC1-6727-4659-9273-435C1B0FD872}.Release|Any CPU.Build.0 = Release|Any CPU
		{B0F887EF-0F54-4176-9E3C-2BCB4B3C8667}.Debug|Any CPU.ActiveCfg = Debug|Any CPU
		{B0F887EF-0F54-4176-9E3C-2BCB4B3C8667}.Debug|Any CPU.Build.0 = Debug|Any CPU
		{B0F887EF-0F54-4176-9E3C-2BCB4B3C8667}.Release|Any CPU.ActiveCfg = Release|Any CPU
		{B0F887EF-0F54-4176-9E3C-2BCB4B3C8667}.Release|Any CPU.Build.0 = Release|Any CPU
	EndGlobalSection
	GlobalSection(SolutionProperties) = preSolution
		HideSolutionNode = FALSE
	EndGlobalSection
	GlobalSection(ExtensibilityGlobals) = postSolution
		SolutionGuid = {DF909276-8A10-4890-8705-96AEA457E5EB}
	EndGlobalSection
EndGlobal
